
Microsoft Visual Studio Solution File, Format Version 12.00
# Visual Studio 15
VisualStudioVersion = 15.0.26403.7
MinimumVisualStudioVersion = 10.0.40219.1
Project("{F2A71F9B-5D33-465A-A702-920D77279786}") = "Rop", "Rop\Rop.fsproj", "{BC1717C0-1524-412E-95B2-38569E6B3A4C}"
EndProject
Global
	GlobalSection(SolutionConfigurationPlatforms) = preSolution
		Debug|Any CPU = Debug|Any CPU
		Release|Any CPU = Release|Any CPU
	EndGlobalSection
	GlobalSection(ProjectConfigurationPlatforms) = postSolution
		{BC1717C0-1524-412E-95B2-38569E6B3A4C}.Debug|Any CPU.ActiveCfg = Debug|Any CPU
		{BC1717C0-1524-412E-95B2-38569E6B3A4C}.Debug|Any CPU.Build.0 = Debug|Any CPU
		{BC1717C0-1524-412E-95B2-38569E6B3A4C}.Release|Any CPU.ActiveCfg = Release|Any CPU
		{BC1717C0-1524-412E-95B2-38569E6B3A4C}.Release|Any CPU.Build.0 = Release|Any CPU
	EndGlobalSection
	GlobalSection(SolutionProperties) = preSolution
		HideSolutionNode = FALSE
	EndGlobalSection
EndGlobal
